
Microsoft Visual Studio Solution File, Format Version 12.00
# Visual Studio Version 16
VisualStudioVersion = 16.0.30804.86
MinimumVisualStudioVersion = 10.0.40219.1
Project("{FAE04EC0-301F-11D3-BF4B-00C04F79EFBC}") = "CalculatorFunctions", "CalculatorFunctions\CalculatorFunctions.csproj", "{05D5E140-EF66-45B8-AC69-5333DF357540}"
EndProject
Global
	GlobalSection(SolutionConfigurationPlatforms) = preSolution
		Debug|Any CPU = Debug|Any CPU
		Release|Any CPU = Release|Any CPU
	EndGlobalSection
	GlobalSection(ProjectConfigurationPlatforms) = postSolution
		{05D5E140-EF66-45B8-AC69-5333DF357540}.Debug|Any CPU.ActiveCfg = Debug|Any CPU
		{05D5E140-EF66-45B8-AC69-5333DF357540}.Debug|Any CPU.Build.0 = Debug|Any CPU
		{05D5E140-EF66-45B8-AC69-5333DF357540}.Release|Any CPU.ActiveCfg = Release|Any CPU
		{05D5E140-EF66-45B8-AC69-5333DF357540}.Release|Any CPU.Build.0 = Release|Any CPU
	EndGlobalSection
	GlobalSection(SolutionProperties) = preSolution
		HideSolutionNode = FALSE
	EndGlobalSection
	GlobalSection(ExtensibilityGlobals) = postSolution
		SolutionGuid = {585EBD70-35C6-4A08-B0BF-53C43F33CBD0}
	EndGlobalSection
EndGlobal
